{
  "nodes": {
    "flake-compat": {
      "locked": {
        "lastModified": 1761640442,
        "narHash": "sha256-AtrEP6Jmdvrqiv4x2xa5mrtaIp3OEe8uBYCDZDS+hu8=",
        "owner": "nix-community",
        "repo": "flake-compat",
        "rev": "4a56054d8ffc173222d09dad23adf4ba946c8884",
        "type": "github"
      },
      "original": {
        "owner": "nix-community",
        "repo": "flake-compat",
        "type": "github"
      }
    },
    "flake-parts": {
      "inputs": {
        "nixpkgs-lib": [
          "nixvim",
          "nixpkgs"
        ]
      },
      "locked": {
        "lastModified": 1765835352,
        "narHash": "sha256-XswHlK/Qtjasvhd1nOa1e8MgZ8GS//jBoTqWtrS1Giw=",
        "owner": "hercules-ci",
        "repo": "flake-parts",
        "rev": "a34fae9c08a15ad73f295041fec82323541400a9",
        "type": "github"
      },
      "original": {
        "owner": "hercules-ci",
        "repo": "flake-parts",
        "type": "github"
      }
    },
    "home-manager": {
      "inputs": {
        "nixpkgs": "nixpkgs"
      },
      "locked": {
        "lastModified": 1779506708,
        "narHash": "sha256-QOD/CNm196nCJRheux/URi4/HE66fthdOMqCJoPP1Y0=",
        "owner": "nix-community",
        "repo": "home-manager",
        "rev": "3ee51fbdac8c8bdfe1e7e1fcaba6520a563f394f",
        "type": "github"
      },
      "original": {
        "owner": "nix-community",
        "ref": "release-25.11",
        "repo": "home-manager",
        "type": "github"
      }
    },
    "niri": {
      "inputs": {
        "nixpkgs": "nixpkgs_2",
        "rust-overlay": "rust-overlay"
      },
      "locked": {
        "lastModified": 1778858756,
        "narHash": "sha256-9VvAHNoi2wd0fxLfJOPChZMS7l6rhCtAJmpd59Hv5rw=",
        "owner": "niri-wm",
        "repo": "niri",
        "rev": "cd5ac3e5e04bb5a11276d3c755fa25242818e05f",
        "type": "github"
      },
      "original": {
        "owner": "niri-wm",
        "repo": "niri",
        "type": "github"
      }
    },
    "nix-flatpak": {
      "locked": {
        "lastModified": 1767983141,
        "narHash": "sha256-7ZCulYUD9RmJIDULTRkGLSW1faMpDlPKcbWJLYHoXcs=",
        "owner": "gmodena",
        "repo": "nix-flatpak",
        "rev": "440818969ac2cbd77bfe025e884d0aa528991374",
        "type": "github"
      },
      "original": {
        "owner": "gmodena",
        "ref": "v0.7.0",
        "repo": "nix-flatpak",
        "type": "github"
      }
    },
    "nixos-apple-silicon": {
      "inputs": {
        "flake-compat": "flake-compat",
        "nixpkgs": "nixpkgs_3"
      },
      "locked": {
        "lastModified": 1778234684,
        "narHash": "sha256-usIHfvSt7aXvMvRGtcbsue3rA13Z+9TW/7I3WBzLqFY=",
        "owner": "nix-community",
        "repo": "nixos-apple-silicon",
        "rev": "3d7fe422ef6162154830209b9e50bf69e150cff7",
        "type": "github"
      },
      "original": {
        "owner": "nix-community",
        "repo": "nixos-apple-silicon",
        "type": "github"
      }
    },
    "nixpkgs": {
      "locked": {
        "lastModified": 1779102034,
        "narHash": "sha256-vZJZjLo513IeI8hjzHFc6TDezUd4uCE2Eq4SNO3DNNg=",
        "owner": "NixOS",
        "repo": "nixpkgs",
        "rev": "687f05a9184cad4eaf905c48b63649e3a86f5433",
        "type": "github"
      },
      "original": {
        "owner": "NixOS",
        "ref": "nixos-25.11",
        "repo": "nixpkgs",
        "type": "github"
      }
    },
    "nixpkgs-latest": {
      "locked": {
        "lastModified": 1770197578,
        "narHash": "sha256-AYqlWrX09+HvGs8zM6ebZ1pwUqjkfpnv8mewYwAo+iM=",
        "owner": "NixOS",
        "repo": "nixpkgs",
        "rev": "00c21e4c93d963c50d4c0c89bfa84ed6e0694df2",
        "type": "github"
      },
      "original": {
        "owner": "NixOS",
        "ref": "nixos-unstable",
        "repo": "nixpkgs",
        "type": "github"
      }
    },
    "nixpkgs_2": {
      "locked": {
        "lastModified": 1757967192,
        "narHash": "sha256-/aA9A/OBmnuOMgwfzdsXRusqzUpd8rQnQY8jtrHK+To=",
        "owner": "NixOS",
        "repo": "nixpkgs",
        "rev": "0d7c15863b251a7a50265e57c1dca1a7add2e291",
        "type": "github"
      },
      "original": {
        "owner": "NixOS",
        "ref": "nixpkgs-unstable",
        "repo": "nixpkgs",
        "type": "github"
      }
    },
    "nixpkgs_3": {
      "locked": {
        "lastModified": 1777578337,
        "narHash": "sha256-Ad49moKWeXtKBJNy2ebiTQUEgdLyvGmTeykAQ9xM+Z4=",
        "owner": "NixOS",
        "repo": "nixpkgs",
        "rev": "15f4ee454b1dce334612fa6843b3e05cf546efab",
        "type": "github"
      },
      "original": {
        "owner": "NixOS",
        "ref": "nixos-unstable",
        "repo": "nixpkgs",
        "type": "github"
      }
    },
    "nixpkgs_4": {
      "locked": {
        "lastModified": 1779796641,
        "narHash": "sha256-ZsIrKmhp4vbBXoXXmR/tBXA/UCsAQiJL9vsgZEduhVY=",
        "owner": "NixOS",
        "repo": "nixpkgs",
        "rev": "25f538306313eae3927264466c70d7001dcea1df",
        "type": "github"
      },
      "original": {
        "owner": "NixOS",
        "ref": "nixos-25.11",
        "repo": "nixpkgs",
        "type": "github"
      }
    },
    "nixpkgs_5": {
      "locked": {
        "lastModified": 1766025857,
        "narHash": "sha256-Lav5jJazCW4mdg1iHcROpuXqmM94BWJvabLFWaJVJp0=",
        "owner": "NixOS",
        "repo": "nixpkgs",
        "rev": "def3da69945bbe338c373fddad5a1bb49cf199ce",
        "type": "github"
      },
      "original": {
        "owner": "NixOS",
        "ref": "nixpkgs-unstable",
        "repo": "nixpkgs",
        "type": "github"
      }
    },
    "nixvim": {
      "inputs": {
        "flake-parts": "flake-parts",
        "nixpkgs": "nixpkgs_5",
        "systems": "systems"
      },
      "locked": {
        "lastModified": 1766065187,
        "narHash": "sha256-1d6+VDO26pJzibS5xtANeD6C0e39W07xO4GUPsIwTpk=",
        "owner": "nix-community",
        "repo": "nixvim",
        "rev": "2a1f48e701bb11297432864ba4cadee3b886eba3",
        "type": "github"
      },
      "original": {
        "owner": "nix-community",
        "repo": "nixvim",
        "type": "github"
      }
    },
    "root": {
      "inputs": {
        "home-manager": "home-manager",
        "niri": "niri",
        "nix-flatpak": "nix-flatpak",
        "nixos-apple-silicon": "nixos-apple-silicon",
        "nixpkgs": "nixpkgs_4",
        "nixpkgs-latest": "nixpkgs-latest",
        "nixvim": "nixvim",
        "user-chrome": "user-chrome"
      }
    },
    "rust-overlay": {
      "inputs": {
        "nixpkgs": [
          "niri",
          "nixpkgs"
        ]
      },
      "locked": {
        "lastModified": 1757989933,
        "narHash": "sha256-9cpKYWWPCFhgwQTww8S94rTXgg8Q8ydFv9fXM6I8xQM=",
        "owner": "oxalica",
        "repo": "rust-overlay",
        "rev": "8249aa3442fb9b45e615a35f39eca2fe5510d7c3",
        "type": "github"
      },
      "original": {
        "owner": "oxalica",
        "repo": "rust-overlay",
        "type": "github"
      }
    },
    "systems": {
      "locked": {
        "lastModified": 1681028828,
        "narHash": "sha256-Vy1rq5AaRuLzOxct8nz4T6wlgyUR7zLU309k9mBC768=",
        "owner": "nix-systems",
        "repo": "default",
        "rev": "da67096a3b9bf56a91d16901293e51ba5b49a27e",
        "type": "github"
      },
      "original": {
        "owner": "nix-systems",
        "repo": "default",
        "type": "github"
      }
    },
    "user-chrome": {
      "flake": false,
      "locked": {
        "lastModified": 1781467318,
        "narHash": "sha256-TmVnWBIVTJzkyo6loTN9qppI6mWAzxj1R6OiJt+CKIk=",
        "owner": "Idan-Ay",
        "repo": "firefox-contrast",
        "rev": "b6841fc2711fce24925862cc98068769f688ce55",
        "type": "github"
      },
      "original": {
        "owner": "Idan-Ay",
        "ref": "main",
        "repo": "firefox-contrast",
        "type": "github"
      }
    }
  },
  "root": "root",
  "version": 7
}
